// !$*UTF8*$!
{
	archiveVersion = 1;
	classes = {
	};
	objectVersion = 50;
	objects = {

/* Begin PBXBuildFile section */
		BB71BF4D2200223D0002E6FA /* AppDelegate.swift in Sources */ = {isa = PBXBuildFile; fileRef = BB71BF4C2200223D0002E6FA /* AppDelegate.swift */; };
		BB71BF522200223D0002E6FA /* Main.storyboard in Resources */ = {isa = PBXBuildFile; fileRef = BB71BF502200223D0002E6FA /* Main.storyboard */; };
		BB71BF542200223D0002E6FA /* Assets.xcassets in Resources */ = {isa = PBXBuildFile; fileRef = BB71BF532200223D0002E6FA /* Assets.xcassets */; };
		BB71BF572200223D0002E6FA /* LaunchScreen.storyboard in Resources */ = {isa = PBXBuildFile; fileRef = BB71BF552200223D0002E6FA /* LaunchScreen.storyboard */; };
		BB71BF5F2200230B0002E6FA /* ComposeDelegate.swift in Sources */ = {isa = PBXBuildFile; fileRef = BB71BF5E2200230B0002E6FA /* ComposeDelegate.swift */; };
		BB71BF61220023FC0002E6FA /* ComposeViewController.swift in Sources */ = {isa = PBXBuildFile; fileRef = BB71BF60220023FC0002E6FA /* ComposeViewController.swift */; };
		BB71BF632200240F0002E6FA /* CustomDelegateViewController.swift in Sources */ = {isa = PBXBuildFile; fileRef = BB71BF622200240E0002E6FA /* CustomDelegateViewController.swift */; };
/* End PBXBuildFile section */

/* Begin PBXFileReference section */
		BB71BF492200223D0002E6FA /* 03_CustomDelegate.app */ = {isa = PBXFileReference; explicitFileType = wrapper.application; includeInIndex = 0; path = 03_CustomDelegate.app; sourceTree = BUILT_PRODUCTS_DIR; };
		BB71BF4C2200223D0002E6FA /* AppDelegate.swift */ = {isa = PBXFileReference; lastKnownFileType = sourcecode.swift; path = AppDelegate.swift; sourceTree = "<group>"; };
		BB71BF512200223D0002E6FA /* Base */ = {isa = PBXFileReference; lastKnownFileType = file.storyboard; name = Base; path = Base.lproj/Main.storyboard; sourceTree = "<group>"; };
		BB71BF532200223D0002E6FA /* Assets.xcassets */ = {isa = PBXFileReference; lastKnownFileType = folder.assetcatalog; path = Assets.xcassets; sourceTree = "<group>"; };
		BB71BF562200223D0002E6FA /* Base */ = {isa = PBXFileReference; lastKnownFileType = file.storyboard; name = Base; path = Base.lproj/LaunchScreen.storyboard; sourceTree = "<group>"; };
		BB71BF582200223D0002E6FA /* Info.plist */ = {isa = PBXFileReference; lastKnownFileType = text.plist.xml; path = Info.plist; sourceTree = "<group>"; };
		BB71BF5E2200230B0002E6FA /* ComposeDelegate.swift */ = {isa = PBXFileReference; lastKnownFileType = sourcecode.swift; path = ComposeDelegate.swift; sourceTree = "<group>"; };
		BB71BF60220023FC0002E6FA /* ComposeViewController.swift */ = {isa = PBXFileReference; lastKnownFileType = sourcecode.swift; path = ComposeViewController.swift; sourceTree = "<group>"; };
		BB71BF622200240E0002E6FA /* CustomDelegateViewController.swift */ = {isa = PBXFileReference; lastKnownFileType = sourcecode.swift; path = CustomDelegateViewController.swift; sourceTree = "<group>"; };
/* End PBXFileReference section */

/* Begin PBXFrameworksBuildPhase section */
		BB71BF462200223D0002E6FA /* Frameworks */ = {
			isa = PBXFrameworksBuildPhase;
			buildActionMask = 2147483647;
			files = (
			);
			runOnlyForDeploymentPostprocessing = 0;
		};
/* End PBXFrameworksBuildPhase section */

/* Begin PBXGroup section */
		BB71BF402200223D0002E6FA = {
			isa = PBXGroup;
			children = (
				BB71BF4B2200223D0002E6FA /* 03_CustomDelegate */,
				BB71BF4A2200223D0002E6FA /* Products */,
			);
			sourceTree = "<group>";
		};
		BB71BF4A2200223D0002E6FA /* Products */ = {
			isa = PBXGroup;
			children = (
				BB71BF492200223D0002E6FA /* 03_CustomDelegate.app */,
			);
			name = Products;
			sourceTree = "<group>";
		};
		BB71BF4B2200223D0002E6FA /* 03_CustomDelegate */ = {
			isa = PBXGroup;
			children = (
				BB71BF4C2200223D0002E6FA /* AppDelegate.swift */,
				BB71BF502200223D0002E6FA /* Main.storyboard */,
				BB71BF532200223D0002E6FA /* Assets.xcassets */,
				BB71BF552200223D0002E6FA /* LaunchScreen.storyboard */,
				BB71BF582200223D0002E6FA /* Info.plist */,
				BB71BF5E2200230B0002E6FA /* ComposeDelegate.swift */,
				BB71BF60220023FC0002E6FA /* ComposeViewController.swift */,
				BB71BF622200240E0002E6FA /* CustomDelegateViewController.swift */,
			);
			path = 03_CustomDelegate;
			sourceTree = "<group>";
		};
/* End PBXGroup section */

/* Begin PBXNativeTarget section */
		BB71BF482200223D0002E6FA /* 03_CustomDelegate */ = {
			isa = PBXNativeTarget;
			buildConfigurationList = BB71BF5B2200223D0002E6FA /* Build configuration list for PBXNativeTarget "03_CustomDelegate" */;
			buildPhases = (
				BB71BF452200223D0002E6FA /* Sources */,
				BB71BF462200223D0002E6FA /* Frameworks */,
				BB71BF472200223D0002E6FA /* Resources */,
			);
			buildRules = (
			);
			dependencies = (
			);
			name = 03_CustomDelegate;
			productName = 03_CustomDelegate;
			productReference = BB71BF492200223D0002E6FA /* 03_CustomDelegate.app */;
			productType = "com.apple.product-type.application";
		};
/* End PBXNativeTarget section */

/* Begin PBXProject section */
		BB71BF412200223D0002E6FA /* Project object */ = {
			isa = PBXProject;
			attributes = {
				LastSwiftUpdateCheck = 1010;
				LastUpgradeCheck = 1010;
				ORGANIZATIONNAME = gunw;
				TargetAttributes = {
					BB71BF482200223D0002E6FA = {
						CreatedOnToolsVersion = 10.1;
					};
				};
			};
			buildConfigurationList = BB71BF442200223D0002E6FA /* Build configuration list for PBXProject "03_CustomDelegate" */;
			compatibilityVersion = "Xcode 9.3";
			developmentRegion = en;
			hasScannedForEncodings = 0;
			knownRegions = (
				en,
				Base,
			);
			mainGroup = BB71BF402200223D0002E6FA;
			productRefGroup = BB71BF4A2200223D0002E6FA /* Products */;
			projectDirPath = "";
			projectRoot = "";
			targets = (
				BB71BF482200223D0002E6FA /* 03_CustomDelegate */,
			);
		};
/* End PBXProject section */

/* Begin PBXResourcesBuildPhase section */
		BB71BF472200223D0002E6FA /* Resources */ = {
			isa = PBXResourcesBuildPhase;
			buildActionMask = 2147483647;
			files = (
				BB71BF572200223D0002E6FA /* LaunchScreen.storyboard in Resources */,
				BB71BF542200223D0002E6FA /* Assets.xcassets in Resources */,
				BB71BF522200223D0002E6FA /* Main.storyboard in Resources */,
			);
			runOnlyForDeploymentPostprocessing = 0;
		};
/* End PBXResourcesBuildPhase section */

/* Begin PBXSourcesBuildPhase section */
		BB71BF452200223D0002E6FA /* Sources */ = {
			isa = PBXSourcesBuildPhase;
			buildActionMask = 2147483647;
			files = (
				BB71BF61220023FC0002E6FA /* ComposeViewController.swift in Sources */,
				BB71BF5F2200230B0002E6FA /* ComposeDelegate.swift in Sources */,
				BB71BF632200240F0002E6FA /* CustomDelegateViewController.swift in Sources */,
				BB71BF4D2200223D0002E6FA /* AppDelegate.swift in Sources */,
			);
			runOnlyForDeploymentPostprocessing = 0;
		};
/* End PBXSourcesBuildPhase section */

/* Begin PBXVariantGroup section */
		BB71BF502200223D0002E6FA /* Main.storyboard */ = {
			isa = PBXVariantGroup;
			children = (
				BB71BF512200223D0002E6FA /* Base */,
			);
			name = Main.storyboard;
			sourceTree = "<group>";
		};
		BB71BF552200223D0002E6FA /* LaunchScreen.storyboard */ = {
			isa = PBXVariantGroup;
			children = (
				BB71BF562200223D0002E6FA /* Base */,
			);
			name = LaunchScreen.storyboard;
			sourceTree = "<group>";
		};
/* End PBXVariantGroup section */

/* Begin XCBuildConfiguration section */
		BB71BF592200223D0002E6FA /* Debug */ = {
			isa = XCBuildConfiguration;
			buildSettings = {
				ALWAYS_SEARCH_USER_PATHS = NO;
				CLANG_ANALYZER_NONNULL = YES;
				CLANG_ANALYZER_NUMBER_OBJECT_CONVERSION = YES_AGGRESSIVE;
				CLANG_CXX_LANGUAGE_STANDARD = "gnu++14";
				CLANG_CXX_LIBRARY = "libc++";
				CLANG_ENABLE_MODULES = YES;
				CLANG_ENABLE_OBJC_ARC = YES;
				CLANG_ENABLE_OBJC_WEAK = YES;
				CLANG_WARN_BLOCK_CAPTURE_AUTORELEASING = YES;
				CLANG_WARN_BOOL_CONVERSION = YES;
				CLANG_WARN_COMMA = YES;
				CLANG_WARN_CONSTANT_CONVERSION = YES;
				CLANG_WARN_DEPRECATED_OBJC_IMPLEMENTATIONS = YES;
				CLANG_WARN_DIRECT_OBJC_ISA_USAGE = YES_ERROR;
				CLANG_WARN_DOCUMENTATION_COMMENTS = YES;
				CLANG_WARN_EMPTY_BODY = YES;
				CLANG_WARN_ENUM_CONVERSION = YES;
				CLANG_WARN_INFINITE_RECURSION = YES;
				CLANG_WARN_INT_CONVERSION = YES;
				CLANG_WARN_NON_LITERAL_NULL_CONVERSION = YES;
				CLANG_WARN_OBJC_IMPLICIT_RETAIN_SELF = YES;
				CLANG_WARN_OBJC_LITERAL_CONVERSION = YES;
				CLANG_WARN_OBJC_ROOT_CLASS = YES_ERROR;
				CLANG_WARN_RANGE_LOOP_ANALYSIS = YES;
				CLANG_WARN_STRICT_PROTOTYPES = YES;
				CLANG_WARN_SUSPICIOUS_MOVE = YES;
				CLANG_WARN_UNGUARDED_AVAILABILITY = YES_AGGRESSIVE;
				CLANG_WARN_UNREACHABLE_CODE = YES;
				CLANG_WARN__DUPLICATE_METHOD_MATCH = YES;
				CODE_SIGN_IDENTITY = "iPhone Developer";
				COPY_PHASE_STRIP = NO;
				DEBUG_INFORMATION_FORMAT = dwarf;
				ENABLE_STRICT_OBJC_MSGSEND = YES;
				ENABLE_TESTABILITY = YES;
				GCC_C_LANGUAGE_STANDARD = gnu11;
				GCC_DYNAMIC_NO_PIC = NO;
				GCC_NO_COMMON_BLOCKS = YES;
				GCC_OPTIMIZATION_LEVEL = 0;
				GCC_PREPROCESSOR_DEFINITIONS = (
					"DEBUG=1",
					"$(inherited)",
				);
				GCC_WARN_64_TO_32_BIT_CONVERSION = YES;
				GCC_WARN_ABOUT_RETURN_TYPE = YES_ERROR;
				GCC_WARN_UNDECLARED_SELECTOR = YES;
				GCC_WARN_UNINITIALIZED_AUTOS = YES_AGGRESSIVE;
				GCC_WARN_UNUSED_FUNCTION = YES;
				GCC_WARN_UNUSED_VARIABLE = YES;
				IPHONEOS_DEPLOYMENT_TARGET = 12.1;
				MTL_ENABLE_DEBUG_INFO = INCLUDE_SOURCE;
				MTL_FAST_MATH = YES;
				ONLY_ACTIVE_ARCH = YES;
				SDKROOT = iphoneos;
				SWIFT_ACTIVE_COMPILATION_CONDITIONS = DEBUG;
				SWIFT_OPTIMIZATION_LEVEL = "-Onone";
			};
			name = Debug;
		};
		BB71BF5A2200223D0002E6FA /* Release */ = {
			isa = XCBuildConfiguration;
			buildSettings = {
				ALWAYS_SEARCH_USER_PATHS = NO;
				CLANG_ANALYZER_NONNULL = YES;
				CLANG_ANALYZER_NUMBER_OBJECT_CONVERSION = YES_AGGRESSIVE;
				CLANG_CXX_LANGUAGE_STANDARD = "gnu++14";
				CLANG_CXX_LIBRARY = "libc++";
				CLANG_ENABLE_MODULES = YES;
				CLANG_ENABLE_OBJC_ARC = YES;
				CLANG_ENABLE_OBJC_WEAK = YES;
				CLANG_WARN_BLOCK_CAPTURE_AUTORELEASING = YES;
				CLANG_WARN_BOOL_CONVERSION = YES;
				CLANG_WARN_COMMA = YES;
				CLANG_WARN_CONSTANT_CONVERSION = YES;
				CLANG_WARN_DEPRECATED_OBJC_IMPLEMENTATIONS = YES;
				CLANG_WARN_DIRECT_OBJC_ISA_USAGE = YES_ERROR;
				CLANG_WARN_DOCUMENTATION_COMMENTS = YES;
				CLANG_WARN_EMPTY_BODY = YES;
				CLANG_WARN_ENUM_CONVERSION = YES;
				CLANG_WARN_INFINITE_RECURSION = YES;
				CLANG_WARN_INT_CONVERSION = YES;
				CLANG_WARN_NON_LITERAL_NULL_CONVERSION = YES;
				CLANG_WARN_OBJC_IMPLICIT_RETAIN_SELF = YES;
				CLANG_WARN_OBJC_LITERAL_CONVERSION = YES;
				CLANG_WARN_OBJC_ROOT_CLASS = YES_ERROR;
				CLANG_WARN_RANGE_LOOP_ANALYSIS = YES;
				CLANG_WARN_STRICT_PROTOTYPES = YES;
				CLANG_WARN_SUSPICIOUS_MOVE = YES;
				CLANG_WARN_UNGUARDED_AVAILABILITY = YES_AGGRESSIVE;
				CLANG_WARN_UNREACHABLE_CODE = YES;
				CLANG_WARN__DUPLICATE_METHOD_MATCH = YES;
				CODE_SIGN_IDENTITY = "iPhone Developer";
				COPY_PHASE_STRIP = NO;
				DEBUG_INFORMATION_FORMAT = "dwarf-with-dsym";
				ENABLE_NS_ASSERTIONS = NO;
				ENABLE_STRICT_OBJC_MSGSEND = YES;
				GCC_C_LANGUAGE_STANDARD = gnu11;
				GCC_NO_COMMON_BLOCKS = YES;
				GCC_WARN_64_TO_32_BIT_CONVERSION = YES;
				GCC_WARN_ABOUT_RETURN_TYPE = YES_ERROR;
				GCC_WARN_UNDECLARED_SELECTOR = YES;
				GCC_WARN_UNINITIALIZED_AUTOS = YES_AGGRESSIVE;
				GCC_WARN_UNUSED_FUNCTION = YES;
				GCC_WARN_UNUSED_VARIABLE = YES;
				IPHONEOS_DEPLOYMENT_TARGET = 12.1;
				MTL_ENABLE_DEBUG_INFO = NO;
				MTL_FAST_MATH = YES;
				SDKROOT = iphoneos;
				SWIFT_COMPILATION_MODE = wholemodule;
				SWIFT_OPTIMIZATION_LEVEL = "-O";
				VALIDATE_PRODUCT = YES;
			};
			name = Release;
		};
		BB71BF5C2200223D0002E6FA /* Debug */ = {
			isa = XCBuildConfiguration;
			buildSettings = {
				ASSETCATALOG_COMPILER_APPICON_NAME = AppIcon;
				CODE_SIGN_STYLE = Automatic;
				DEVELOPMENT_TEAM = 8M6N9923S8;
				INFOPLIST_FILE = 03_CustomDelegate/Info.plist;
				LD_RUNPATH_SEARCH_PATHS = (
					"$(inherited)",
					"@executable_path/Frameworks",
				);
				PRODUCT_BUNDLE_IDENTIFIER = "proj.gunw.-3-CustomDelegate";
				PRODUCT_NAME = "$(TARGET_NAME)";
				SWIFT_VERSION = 4.2;
				TARGETED_DEVICE_FAMILY = "1,2";
			};
			name = Debug;
		};
		BB71BF5D2200223D0002E6FA /* Release */ = {
			isa = XCBuildConfiguration;
			buildSettings = {
				ASSETCATALOG_COMPILER_APPICON_NAME = AppIcon;
				CODE_SIGN_STYLE = Automatic;
				DEVELOPMENT_TEAM = 8M6N9923S8;
				INFOPLIST_FILE = 03_CustomDelegate/Info.plist;
				LD_RUNPATH_SEARCH_PATHS = (
					"$(inherited)",
					"@executable_path/Frameworks",
				);
				PRODUCT_BUNDLE_IDENTIFIER = "proj.gunw.-3-CustomDelegate";
				PRODUCT_NAME = "$(TARGET_NAME)";
				SWIFT_VERSION = 4.2;
				TARGETED_DEVICE_FAMILY = "1,2";
			};
			name = Release;
		};
/* End XCBuildConfiguration section */

/* Begin XCConfigurationList section */
		BB71BF442200223D0002E6FA /* Build configuration list for PBXProject "03_CustomDelegate" */ = {
			isa = XCConfigurationList;
			buildConfigurations = (
				BB71BF592200223D0002E6FA /* Debug */,
				BB71BF5A2200223D0002E6FA /* Release */,
			);
			defaultConfigurationIsVisible = 0;
			defaultConfigurationName = Release;
		};
		BB71BF5B2200223D0002E6FA /* Build configuration list for PBXNativeTarget "03_CustomDelegate" */ = {
			isa = XCConfigurationList;
			buildConfigurations = (
				BB71BF5C2200223D0002E6FA /* Debug */,
				BB71BF5D2200223D0002E6FA /* Release */,
			);
			defaultConfigurationIsVisible = 0;
			defaultConfigurationName = Release;
		};
/* End XCConfigurationList section */
	};
	rootObject = BB71BF412200223D0002E6FA /* Project object */;
}
