// !$*UTF8*$!
{
	archiveVersion = 1;
	classes = {
	};
	objectVersion = 50;
	objects = {

/* Begin PBXBuildFile section */
		BBB4600D22111964005185A6 /* AppDelegate.swift in Sources */ = {isa = PBXBuildFile; fileRef = BBB4600C22111964005185A6 /* AppDelegate.swift */; };
		BBB4601222111964005185A6 /* Main.storyboard in Resources */ = {isa = PBXBuildFile; fileRef = BBB4601022111964005185A6 /* Main.storyboard */; };
		BBB4601522111964005185A6 /* _0_Memo.xcdatamodeld in Sources */ = {isa = PBXBuildFile; fileRef = BBB4601322111964005185A6 /* _0_Memo.xcdatamodeld */; };
		BBB4601722111966005185A6 /* Assets.xcassets in Resources */ = {isa = PBXBuildFile; fileRef = BBB4601622111966005185A6 /* Assets.xcassets */; };
		BBB4601A22111966005185A6 /* LaunchScreen.storyboard in Resources */ = {isa = PBXBuildFile; fileRef = BBB4601822111966005185A6 /* LaunchScreen.storyboard */; };
		BBB4602322112012005185A6 /* Model.swift in Sources */ = {isa = PBXBuildFile; fileRef = BBB4602222112012005185A6 /* Model.swift */; };
		BBB4602522112174005185A6 /* MemoListTableVC.swift in Sources */ = {isa = PBXBuildFile; fileRef = BBB4602422112174005185A6 /* MemoListTableVC.swift */; };
		BBB46027221135A6005185A6 /* ComposeVC.swift in Sources */ = {isa = PBXBuildFile; fileRef = BBB46026221135A6005185A6 /* ComposeVC.swift */; };
		BBB4602922113ADC005185A6 /* DetailVC.swift in Sources */ = {isa = PBXBuildFile; fileRef = BBB4602822113ADC005185A6 /* DetailVC.swift */; };
		BBB4602B22114481005185A6 /* DataManager.swift in Sources */ = {isa = PBXBuildFile; fileRef = BBB4602A22114481005185A6 /* DataManager.swift */; };
/* End PBXBuildFile section */

/* Begin PBXFileReference section */
		BBB4600922111964005185A6 /* 20_Memo.app */ = {isa = PBXFileReference; explicitFileType = wrapper.application; includeInIndex = 0; path = 20_Memo.app; sourceTree = BUILT_PRODUCTS_DIR; };
		BBB4600C22111964005185A6 /* AppDelegate.swift */ = {isa = PBXFileReference; lastKnownFileType = sourcecode.swift; path = AppDelegate.swift; sourceTree = "<group>"; };
		BBB4601122111964005185A6 /* Base */ = {isa = PBXFileReference; lastKnownFileType = file.storyboard; name = Base; path = Base.lproj/Main.storyboard; sourceTree = "<group>"; };
		BBB4601422111964005185A6 /* _0_Memo.xcdatamodel */ = {isa = PBXFileReference; lastKnownFileType = wrapper.xcdatamodel; path = _0_Memo.xcdatamodel; sourceTree = "<group>"; };
		BBB4601622111966005185A6 /* Assets.xcassets */ = {isa = PBXFileReference; lastKnownFileType = folder.assetcatalog; path = Assets.xcassets; sourceTree = "<group>"; };
		BBB4601922111966005185A6 /* Base */ = {isa = PBXFileReference; lastKnownFileType = file.storyboard; name = Base; path = Base.lproj/LaunchScreen.storyboard; sourceTree = "<group>"; };
		BBB4601B22111966005185A6 /* Info.plist */ = {isa = PBXFileReference; lastKnownFileType = text.plist.xml; path = Info.plist; sourceTree = "<group>"; };
		BBB4602222112012005185A6 /* Model.swift */ = {isa = PBXFileReference; lastKnownFileType = sourcecode.swift; path = Model.swift; sourceTree = "<group>"; };
		BBB4602422112174005185A6 /* MemoListTableVC.swift */ = {isa = PBXFileReference; lastKnownFileType = sourcecode.swift; path = MemoListTableVC.swift; sourceTree = "<group>"; };
		BBB46026221135A6005185A6 /* ComposeVC.swift */ = {isa = PBXFileReference; lastKnownFileType = sourcecode.swift; path = ComposeVC.swift; sourceTree = "<group>"; };
		BBB4602822113ADC005185A6 /* DetailVC.swift */ = {isa = PBXFileReference; lastKnownFileType = sourcecode.swift; path = DetailVC.swift; sourceTree = "<group>"; };
		BBB4602A22114481005185A6 /* DataManager.swift */ = {isa = PBXFileReference; lastKnownFileType = sourcecode.swift; path = DataManager.swift; sourceTree = "<group>"; };
/* End PBXFileReference section */

/* Begin PBXFrameworksBuildPhase section */
		BBB4600622111964005185A6 /* Frameworks */ = {
			isa = PBXFrameworksBuildPhase;
			buildActionMask = 2147483647;
			files = (
			);
			runOnlyForDeploymentPostprocessing = 0;
		};
/* End PBXFrameworksBuildPhase section */

/* Begin PBXGroup section */
		BBB4600022111964005185A6 = {
			isa = PBXGroup;
			children = (
				BBB4600B22111964005185A6 /* 20_Memo */,
				BBB4600A22111964005185A6 /* Products */,
			);
			sourceTree = "<group>";
		};
		BBB4600A22111964005185A6 /* Products */ = {
			isa = PBXGroup;
			children = (
				BBB4600922111964005185A6 /* 20_Memo.app */,
			);
			name = Products;
			sourceTree = "<group>";
		};
		BBB4600B22111964005185A6 /* 20_Memo */ = {
			isa = PBXGroup;
			children = (
				BBB4602122111FFA005185A6 /* Model */,
				BBB4600C22111964005185A6 /* AppDelegate.swift */,
				BBB4602A22114481005185A6 /* DataManager.swift */,
				BBB4601022111964005185A6 /* Main.storyboard */,
				BBB46026221135A6005185A6 /* ComposeVC.swift */,
				BBB4602822113ADC005185A6 /* DetailVC.swift */,
				BBB4602422112174005185A6 /* MemoListTableVC.swift */,
				BBB4601622111966005185A6 /* Assets.xcassets */,
				BBB4601822111966005185A6 /* LaunchScreen.storyboard */,
				BBB4601B22111966005185A6 /* Info.plist */,
				BBB4601322111964005185A6 /* _0_Memo.xcdatamodeld */,
			);
			path = 20_Memo;
			sourceTree = "<group>";
		};
		BBB4602122111FFA005185A6 /* Model */ = {
			isa = PBXGroup;
			children = (
				BBB4602222112012005185A6 /* Model.swift */,
			);
			path = Model;
			sourceTree = "<group>";
		};
/* End PBXGroup section */

/* Begin PBXNativeTarget section */
		BBB4600822111964005185A6 /* 20_Memo */ = {
			isa = PBXNativeTarget;
			buildConfigurationList = BBB4601E22111966005185A6 /* Build configuration list for PBXNativeTarget "20_Memo" */;
			buildPhases = (
				BBB4600522111964005185A6 /* Sources */,
				BBB4600622111964005185A6 /* Frameworks */,
				BBB4600722111964005185A6 /* Resources */,
			);
			buildRules = (
			);
			dependencies = (
			);
			name = 20_Memo;
			productName = 20_Memo;
			productReference = BBB4600922111964005185A6 /* 20_Memo.app */;
			productType = "com.apple.product-type.application";
		};
/* End PBXNativeTarget section */

/* Begin PBXProject section */
		BBB4600122111964005185A6 /* Project object */ = {
			isa = PBXProject;
			attributes = {
				LastSwiftUpdateCheck = 1010;
				LastUpgradeCheck = 1010;
				ORGANIZATIONNAME = gunw;
				TargetAttributes = {
					BBB4600822111964005185A6 = {
						CreatedOnToolsVersion = 10.1;
					};
				};
			};
			buildConfigurationList = BBB4600422111964005185A6 /* Build configuration list for PBXProject "20_Memo" */;
			compatibilityVersion = "Xcode 9.3";
			developmentRegion = en;
			hasScannedForEncodings = 0;
			knownRegions = (
				en,
				Base,
			);
			mainGroup = BBB4600022111964005185A6;
			productRefGroup = BBB4600A22111964005185A6 /* Products */;
			projectDirPath = "";
			projectRoot = "";
			targets = (
				BBB4600822111964005185A6 /* 20_Memo */,
			);
		};
/* End PBXProject section */

/* Begin PBXResourcesBuildPhase section */
		BBB4600722111964005185A6 /* Resources */ = {
			isa = PBXResourcesBuildPhase;
			buildActionMask = 2147483647;
			files = (
				BBB4601A22111966005185A6 /* LaunchScreen.storyboard in Resources */,
				BBB4601722111966005185A6 /* Assets.xcassets in Resources */,
				BBB4601222111964005185A6 /* Main.storyboard in Resources */,
			);
			runOnlyForDeploymentPostprocessing = 0;
		};
/* End PBXResourcesBuildPhase section */

/* Begin PBXSourcesBuildPhase section */
		BBB4600522111964005185A6 /* Sources */ = {
			isa = PBXSourcesBuildPhase;
			buildActionMask = 2147483647;
			files = (
				BBB4602322112012005185A6 /* Model.swift in Sources */,
				BBB4601522111964005185A6 /* _0_Memo.xcdatamodeld in Sources */,
				BBB46027221135A6005185A6 /* ComposeVC.swift in Sources */,
				BBB4602B22114481005185A6 /* DataManager.swift in Sources */,
				BBB4600D22111964005185A6 /* AppDelegate.swift in Sources */,
				BBB4602522112174005185A6 /* MemoListTableVC.swift in Sources */,
				BBB4602922113ADC005185A6 /* DetailVC.swift in Sources */,
			);
			runOnlyForDeploymentPostprocessing = 0;
		};
/* End PBXSourcesBuildPhase section */

/* Begin PBXVariantGroup section */
		BBB4601022111964005185A6 /* Main.storyboard */ = {
			isa = PBXVariantGroup;
			children = (
				BBB4601122111964005185A6 /* Base */,
			);
			name = Main.storyboard;
			sourceTree = "<group>";
		};
		BBB4601822111966005185A6 /* LaunchScreen.storyboard */ = {
			isa = PBXVariantGroup;
			children = (
				BBB4601922111966005185A6 /* Base */,
			);
			name = LaunchScreen.storyboard;
			sourceTree = "<group>";
		};
/* End PBXVariantGroup section */

/* Begin XCBuildConfiguration section */
		BBB4601C22111966005185A6 /* Debug */ = {
			isa = XCBuildConfiguration;
			buildSettings = {
				ALWAYS_SEARCH_USER_PATHS = NO;
				CLANG_ANALYZER_NONNULL = YES;
				CLANG_ANALYZER_NUMBER_OBJECT_CONVERSION = YES_AGGRESSIVE;
				CLANG_CXX_LANGUAGE_STANDARD = "gnu++14";
				CLANG_CXX_LIBRARY = "libc++";
				CLANG_ENABLE_MODULES = YES;
				CLANG_ENABLE_OBJC_ARC = YES;
				CLANG_ENABLE_OBJC_WEAK = YES;
				CLANG_WARN_BLOCK_CAPTURE_AUTORELEASING = YES;
				CLANG_WARN_BOOL_CONVERSION = YES;
				CLANG_WARN_COMMA = YES;
				CLANG_WARN_CONSTANT_CONVERSION = YES;
				CLANG_WARN_DEPRECATED_OBJC_IMPLEMENTATIONS = YES;
				CLANG_WARN_DIRECT_OBJC_ISA_USAGE = YES_ERROR;
				CLANG_WARN_DOCUMENTATION_COMMENTS = YES;
				CLANG_WARN_EMPTY_BODY = YES;
				CLANG_WARN_ENUM_CONVERSION = YES;
				CLANG_WARN_INFINITE_RECURSION = YES;
				CLANG_WARN_INT_CONVERSION = YES;
				CLANG_WARN_NON_LITERAL_NULL_CONVERSION = YES;
				CLANG_WARN_OBJC_IMPLICIT_RETAIN_SELF = YES;
				CLANG_WARN_OBJC_LITERAL_CONVERSION = YES;
				CLANG_WARN_OBJC_ROOT_CLASS = YES_ERROR;
				CLANG_WARN_RANGE_LOOP_ANALYSIS = YES;
				CLANG_WARN_STRICT_PROTOTYPES = YES;
				CLANG_WARN_SUSPICIOUS_MOVE = YES;
				CLANG_WARN_UNGUARDED_AVAILABILITY = YES_AGGRESSIVE;
				CLANG_WARN_UNREACHABLE_CODE = YES;
				CLANG_WARN__DUPLICATE_METHOD_MATCH = YES;
				CODE_SIGN_IDENTITY = "iPhone Developer";
				COPY_PHASE_STRIP = NO;
				DEBUG_INFORMATION_FORMAT = dwarf;
				ENABLE_STRICT_OBJC_MSGSEND = YES;
				ENABLE_TESTABILITY = YES;
				GCC_C_LANGUAGE_STANDARD = gnu11;
				GCC_DYNAMIC_NO_PIC = NO;
				GCC_NO_COMMON_BLOCKS = YES;
				GCC_OPTIMIZATION_LEVEL = 0;
				GCC_PREPROCESSOR_DEFINITIONS = (
					"DEBUG=1",
					"$(inherited)",
				);
				GCC_WARN_64_TO_32_BIT_CONVERSION = YES;
				GCC_WARN_ABOUT_RETURN_TYPE = YES_ERROR;
				GCC_WARN_UNDECLARED_SELECTOR = YES;
				GCC_WARN_UNINITIALIZED_AUTOS = YES_AGGRESSIVE;
				GCC_WARN_UNUSED_FUNCTION = YES;
				GCC_WARN_UNUSED_VARIABLE = YES;
				IPHONEOS_DEPLOYMENT_TARGET = 12.1;
				MTL_ENABLE_DEBUG_INFO = INCLUDE_SOURCE;
				MTL_FAST_MATH = YES;
				ONLY_ACTIVE_ARCH = YES;
				SDKROOT = iphoneos;
				SWIFT_ACTIVE_COMPILATION_CONDITIONS = DEBUG;
				SWIFT_OPTIMIZATION_LEVEL = "-Onone";
			};
			name = Debug;
		};
		BBB4601D22111966005185A6 /* Release */ = {
			isa = XCBuildConfiguration;
			buildSettings = {
				ALWAYS_SEARCH_USER_PATHS = NO;
				CLANG_ANALYZER_NONNULL = YES;
				CLANG_ANALYZER_NUMBER_OBJECT_CONVERSION = YES_AGGRESSIVE;
				CLANG_CXX_LANGUAGE_STANDARD = "gnu++14";
				CLANG_CXX_LIBRARY = "libc++";
				CLANG_ENABLE_MODULES = YES;
				CLANG_ENABLE_OBJC_ARC = YES;
				CLANG_ENABLE_OBJC_WEAK = YES;
				CLANG_WARN_BLOCK_CAPTURE_AUTORELEASING = YES;
				CLANG_WARN_BOOL_CONVERSION = YES;
				CLANG_WARN_COMMA = YES;
				CLANG_WARN_CONSTANT_CONVERSION = YES;
				CLANG_WARN_DEPRECATED_OBJC_IMPLEMENTATIONS = YES;
				CLANG_WARN_DIRECT_OBJC_ISA_USAGE = YES_ERROR;
				CLANG_WARN_DOCUMENTATION_COMMENTS = YES;
				CLANG_WARN_EMPTY_BODY = YES;
				CLANG_WARN_ENUM_CONVERSION = YES;
				CLANG_WARN_INFINITE_RECURSION = YES;
				CLANG_WARN_INT_CONVERSION = YES;
				CLANG_WARN_NON_LITERAL_NULL_CONVERSION = YES;
				CLANG_WARN_OBJC_IMPLICIT_RETAIN_SELF = YES;
				CLANG_WARN_OBJC_LITERAL_CONVERSION = YES;
				CLANG_WARN_OBJC_ROOT_CLASS = YES_ERROR;
				CLANG_WARN_RANGE_LOOP_ANALYSIS = YES;
				CLANG_WARN_STRICT_PROTOTYPES = YES;
				CLANG_WARN_SUSPICIOUS_MOVE = YES;
				CLANG_WARN_UNGUARDED_AVAILABILITY = YES_AGGRESSIVE;
				CLANG_WARN_UNREACHABLE_CODE = YES;
				CLANG_WARN__DUPLICATE_METHOD_MATCH = YES;
				CODE_SIGN_IDENTITY = "iPhone Developer";
				COPY_PHASE_STRIP = NO;
				DEBUG_INFORMATION_FORMAT = "dwarf-with-dsym";
				ENABLE_NS_ASSERTIONS = NO;
				ENABLE_STRICT_OBJC_MSGSEND = YES;
				GCC_C_LANGUAGE_STANDARD = gnu11;
				GCC_NO_COMMON_BLOCKS = YES;
				GCC_WARN_64_TO_32_BIT_CONVERSION = YES;
				GCC_WARN_ABOUT_RETURN_TYPE = YES_ERROR;
				GCC_WARN_UNDECLARED_SELECTOR = YES;
				GCC_WARN_UNINITIALIZED_AUTOS = YES_AGGRESSIVE;
				GCC_WARN_UNUSED_FUNCTION = YES;
				GCC_WARN_UNUSED_VARIABLE = YES;
				IPHONEOS_DEPLOYMENT_TARGET = 12.1;
				MTL_ENABLE_DEBUG_INFO = NO;
				MTL_FAST_MATH = YES;
				SDKROOT = iphoneos;
				SWIFT_COMPILATION_MODE = wholemodule;
				SWIFT_OPTIMIZATION_LEVEL = "-O";
				VALIDATE_PRODUCT = YES;
			};
			name = Release;
		};
		BBB4601F22111966005185A6 /* Debug */ = {
			isa = XCBuildConfiguration;
			buildSettings = {
				ASSETCATALOG_COMPILER_APPICON_NAME = AppIcon;
				CODE_SIGN_STYLE = Automatic;
				DEVELOPMENT_TEAM = 8M6N9923S8;
				INFOPLIST_FILE = 20_Memo/Info.plist;
				IPHONEOS_DEPLOYMENT_TARGET = 10.0;
				LD_RUNPATH_SEARCH_PATHS = (
					"$(inherited)",
					"@executable_path/Frameworks",
				);
				PRODUCT_BUNDLE_IDENTIFIER = "proj.gunw.-0-Memo";
				PRODUCT_NAME = "$(TARGET_NAME)";
				SWIFT_VERSION = 4.2;
				TARGETED_DEVICE_FAMILY = "1,2";
			};
			name = Debug;
		};
		BBB4602022111966005185A6 /* Release */ = {
			isa = XCBuildConfiguration;
			buildSettings = {
				ASSETCATALOG_COMPILER_APPICON_NAME = AppIcon;
				CODE_SIGN_STYLE = Automatic;
				DEVELOPMENT_TEAM = 8M6N9923S8;
				INFOPLIST_FILE = 20_Memo/Info.plist;
				IPHONEOS_DEPLOYMENT_TARGET = 10.0;
				LD_RUNPATH_SEARCH_PATHS = (
					"$(inherited)",
					"@executable_path/Frameworks",
				);
				PRODUCT_BUNDLE_IDENTIFIER = "proj.gunw.-0-Memo";
				PRODUCT_NAME = "$(TARGET_NAME)";
				SWIFT_VERSION = 4.2;
				TARGETED_DEVICE_FAMILY = "1,2";
			};
			name = Release;
		};
/* End XCBuildConfiguration section */

/* Begin XCConfigurationList section */
		BBB4600422111964005185A6 /* Build configuration list for PBXProject "20_Memo" */ = {
			isa = XCConfigurationList;
			buildConfigurations = (
				BBB4601C22111966005185A6 /* Debug */,
				BBB4601D22111966005185A6 /* Release */,
			);
			defaultConfigurationIsVisible = 0;
			defaultConfigurationName = Release;
		};
		BBB4601E22111966005185A6 /* Build configuration list for PBXNativeTarget "20_Memo" */ = {
			isa = XCConfigurationList;
			buildConfigurations = (
				BBB4601F22111966005185A6 /* Debug */,
				BBB4602022111966005185A6 /* Release */,
			);
			defaultConfigurationIsVisible = 0;
			defaultConfigurationName = Release;
		};
/* End XCConfigurationList section */

/* Begin XCVersionGroup section */
		BBB4601322111964005185A6 /* _0_Memo.xcdatamodeld */ = {
			isa = XCVersionGroup;
			children = (
				BBB4601422111964005185A6 /* _0_Memo.xcdatamodel */,
			);
			currentVersion = BBB4601422111964005185A6 /* _0_Memo.xcdatamodel */;
			path = _0_Memo.xcdatamodeld;
			sourceTree = "<group>";
			versionGroupType = wrapper.xcdatamodel;
		};
/* End XCVersionGroup section */
	};
	rootObject = BBB4600122111964005185A6 /* Project object */;
}
