// !$*UTF8*$!
{
	archiveVersion = 1;
	classes = {
	};
	objectVersion = 50;
	objects = {

/* Begin PBXBuildFile section */
		BBED31B7220D1272004B917A /* AppDelegate.swift in Sources */ = {isa = PBXBuildFile; fileRef = BBED31B6220D1272004B917A /* AppDelegate.swift */; };
		BBED31B9220D1272004B917A /* ViewController.swift in Sources */ = {isa = PBXBuildFile; fileRef = BBED31B8220D1272004B917A /* ViewController.swift */; };
		BBED31BC220D1272004B917A /* Main.storyboard in Resources */ = {isa = PBXBuildFile; fileRef = BBED31BA220D1272004B917A /* Main.storyboard */; };
		BBED31BE220D1275004B917A /* Assets.xcassets in Resources */ = {isa = PBXBuildFile; fileRef = BBED31BD220D1275004B917A /* Assets.xcassets */; };
		BBED31C1220D1275004B917A /* LaunchScreen.storyboard in Resources */ = {isa = PBXBuildFile; fileRef = BBED31BF220D1275004B917A /* LaunchScreen.storyboard */; };
		BBED31C9220D1393004B917A /* Sub.storyboard in Resources */ = {isa = PBXBuildFile; fileRef = BBED31C8220D1393004B917A /* Sub.storyboard */; };
		BBED31CB220D1483004B917A /* Third.storyboard in Resources */ = {isa = PBXBuildFile; fileRef = BBED31CA220D1483004B917A /* Third.storyboard */; };
/* End PBXBuildFile section */

/* Begin PBXFileReference section */
		BBED31B3220D1272004B917A /* 17_StoryBoard.app */ = {isa = PBXFileReference; explicitFileType = wrapper.application; includeInIndex = 0; path = 17_StoryBoard.app; sourceTree = BUILT_PRODUCTS_DIR; };
		BBED31B6220D1272004B917A /* AppDelegate.swift */ = {isa = PBXFileReference; lastKnownFileType = sourcecode.swift; path = AppDelegate.swift; sourceTree = "<group>"; };
		BBED31B8220D1272004B917A /* ViewController.swift */ = {isa = PBXFileReference; lastKnownFileType = sourcecode.swift; path = ViewController.swift; sourceTree = "<group>"; };
		BBED31BB220D1272004B917A /* Base */ = {isa = PBXFileReference; lastKnownFileType = file.storyboard; name = Base; path = Base.lproj/Main.storyboard; sourceTree = "<group>"; };
		BBED31BD220D1275004B917A /* Assets.xcassets */ = {isa = PBXFileReference; lastKnownFileType = folder.assetcatalog; path = Assets.xcassets; sourceTree = "<group>"; };
		BBED31C0220D1275004B917A /* Base */ = {isa = PBXFileReference; lastKnownFileType = file.storyboard; name = Base; path = Base.lproj/LaunchScreen.storyboard; sourceTree = "<group>"; };
		BBED31C2220D1275004B917A /* Info.plist */ = {isa = PBXFileReference; lastKnownFileType = text.plist.xml; path = Info.plist; sourceTree = "<group>"; };
		BBED31C8220D1393004B917A /* Sub.storyboard */ = {isa = PBXFileReference; fileEncoding = 4; lastKnownFileType = file.storyboard; path = Sub.storyboard; sourceTree = "<group>"; };
		BBED31CA220D1483004B917A /* Third.storyboard */ = {isa = PBXFileReference; lastKnownFileType = file.storyboard; path = Third.storyboard; sourceTree = "<group>"; };
/* End PBXFileReference section */

/* Begin PBXFrameworksBuildPhase section */
		BBED31B0220D1272004B917A /* Frameworks */ = {
			isa = PBXFrameworksBuildPhase;
			buildActionMask = 2147483647;
			files = (
			);
			runOnlyForDeploymentPostprocessing = 0;
		};
/* End PBXFrameworksBuildPhase section */

/* Begin PBXGroup section */
		BBED31AA220D1272004B917A = {
			isa = PBXGroup;
			children = (
				BBED31B5220D1272004B917A /* 17_StoryBoard */,
				BBED31B4220D1272004B917A /* Products */,
			);
			sourceTree = "<group>";
		};
		BBED31B4220D1272004B917A /* Products */ = {
			isa = PBXGroup;
			children = (
				BBED31B3220D1272004B917A /* 17_StoryBoard.app */,
			);
			name = Products;
			sourceTree = "<group>";
		};
		BBED31B5220D1272004B917A /* 17_StoryBoard */ = {
			isa = PBXGroup;
			children = (
				BBED31C8220D1393004B917A /* Sub.storyboard */,
				BBED31B6220D1272004B917A /* AppDelegate.swift */,
				BBED31B8220D1272004B917A /* ViewController.swift */,
				BBED31BA220D1272004B917A /* Main.storyboard */,
				BBED31CA220D1483004B917A /* Third.storyboard */,
				BBED31BD220D1275004B917A /* Assets.xcassets */,
				BBED31BF220D1275004B917A /* LaunchScreen.storyboard */,
				BBED31C2220D1275004B917A /* Info.plist */,
			);
			path = 17_StoryBoard;
			sourceTree = "<group>";
		};
/* End PBXGroup section */

/* Begin PBXNativeTarget section */
		BBED31B2220D1272004B917A /* 17_StoryBoard */ = {
			isa = PBXNativeTarget;
			buildConfigurationList = BBED31C5220D1275004B917A /* Build configuration list for PBXNativeTarget "17_StoryBoard" */;
			buildPhases = (
				BBED31AF220D1272004B917A /* Sources */,
				BBED31B0220D1272004B917A /* Frameworks */,
				BBED31B1220D1272004B917A /* Resources */,
			);
			buildRules = (
			);
			dependencies = (
			);
			name = 17_StoryBoard;
			productName = 17_StoryBoard;
			productReference = BBED31B3220D1272004B917A /* 17_StoryBoard.app */;
			productType = "com.apple.product-type.application";
		};
/* End PBXNativeTarget section */

/* Begin PBXProject section */
		BBED31AB220D1272004B917A /* Project object */ = {
			isa = PBXProject;
			attributes = {
				LastSwiftUpdateCheck = 1010;
				LastUpgradeCheck = 1010;
				ORGANIZATIONNAME = gunw;
				TargetAttributes = {
					BBED31B2220D1272004B917A = {
						CreatedOnToolsVersion = 10.1;
					};
				};
			};
			buildConfigurationList = BBED31AE220D1272004B917A /* Build configuration list for PBXProject "17_StoryBoard" */;
			compatibilityVersion = "Xcode 9.3";
			developmentRegion = en;
			hasScannedForEncodings = 0;
			knownRegions = (
				en,
				Base,
			);
			mainGroup = BBED31AA220D1272004B917A;
			productRefGroup = BBED31B4220D1272004B917A /* Products */;
			projectDirPath = "";
			projectRoot = "";
			targets = (
				BBED31B2220D1272004B917A /* 17_StoryBoard */,
			);
		};
/* End PBXProject section */

/* Begin PBXResourcesBuildPhase section */
		BBED31B1220D1272004B917A /* Resources */ = {
			isa = PBXResourcesBuildPhase;
			buildActionMask = 2147483647;
			files = (
				BBED31C1220D1275004B917A /* LaunchScreen.storyboard in Resources */,
				BBED31BE220D1275004B917A /* Assets.xcassets in Resources */,
				BBED31BC220D1272004B917A /* Main.storyboard in Resources */,
				BBED31C9220D1393004B917A /* Sub.storyboard in Resources */,
				BBED31CB220D1483004B917A /* Third.storyboard in Resources */,
			);
			runOnlyForDeploymentPostprocessing = 0;
		};
/* End PBXResourcesBuildPhase section */

/* Begin PBXSourcesBuildPhase section */
		BBED31AF220D1272004B917A /* Sources */ = {
			isa = PBXSourcesBuildPhase;
			buildActionMask = 2147483647;
			files = (
				BBED31B9220D1272004B917A /* ViewController.swift in Sources */,
				BBED31B7220D1272004B917A /* AppDelegate.swift in Sources */,
			);
			runOnlyForDeploymentPostprocessing = 0;
		};
/* End PBXSourcesBuildPhase section */

/* Begin PBXVariantGroup section */
		BBED31BA220D1272004B917A /* Main.storyboard */ = {
			isa = PBXVariantGroup;
			children = (
				BBED31BB220D1272004B917A /* Base */,
			);
			name = Main.storyboard;
			sourceTree = "<group>";
		};
		BBED31BF220D1275004B917A /* LaunchScreen.storyboard */ = {
			isa = PBXVariantGroup;
			children = (
				BBED31C0220D1275004B917A /* Base */,
			);
			name = LaunchScreen.storyboard;
			sourceTree = "<group>";
		};
/* End PBXVariantGroup section */

/* Begin XCBuildConfiguration section */
		BBED31C3220D1275004B917A /* Debug */ = {
			isa = XCBuildConfiguration;
			buildSettings = {
				ALWAYS_SEARCH_USER_PATHS = NO;
				CLANG_ANALYZER_NONNULL = YES;
				CLANG_ANALYZER_NUMBER_OBJECT_CONVERSION = YES_AGGRESSIVE;
				CLANG_CXX_LANGUAGE_STANDARD = "gnu++14";
				CLANG_CXX_LIBRARY = "libc++";
				CLANG_ENABLE_MODULES = YES;
				CLANG_ENABLE_OBJC_ARC = YES;
				CLANG_ENABLE_OBJC_WEAK = YES;
				CLANG_WARN_BLOCK_CAPTURE_AUTORELEASING = YES;
				CLANG_WARN_BOOL_CONVERSION = YES;
				CLANG_WARN_COMMA = YES;
				CLANG_WARN_CONSTANT_CONVERSION = YES;
				CLANG_WARN_DEPRECATED_OBJC_IMPLEMENTATIONS = YES;
				CLANG_WARN_DIRECT_OBJC_ISA_USAGE = YES_ERROR;
				CLANG_WARN_DOCUMENTATION_COMMENTS = YES;
				CLANG_WARN_EMPTY_BODY = YES;
				CLANG_WARN_ENUM_CONVERSION = YES;
				CLANG_WARN_INFINITE_RECURSION = YES;
				CLANG_WARN_INT_CONVERSION = YES;
				CLANG_WARN_NON_LITERAL_NULL_CONVERSION = YES;
				CLANG_WARN_OBJC_IMPLICIT_RETAIN_SELF = YES;
				CLANG_WARN_OBJC_LITERAL_CONVERSION = YES;
				CLANG_WARN_OBJC_ROOT_CLASS = YES_ERROR;
				CLANG_WARN_RANGE_LOOP_ANALYSIS = YES;
				CLANG_WARN_STRICT_PROTOTYPES = YES;
				CLANG_WARN_SUSPICIOUS_MOVE = YES;
				CLANG_WARN_UNGUARDED_AVAILABILITY = YES_AGGRESSIVE;
				CLANG_WARN_UNREACHABLE_CODE = YES;
				CLANG_WARN__DUPLICATE_METHOD_MATCH = YES;
				CODE_SIGN_IDENTITY = "iPhone Developer";
				COPY_PHASE_STRIP = NO;
				DEBUG_INFORMATION_FORMAT = dwarf;
				ENABLE_STRICT_OBJC_MSGSEND = YES;
				ENABLE_TESTABILITY = YES;
				GCC_C_LANGUAGE_STANDARD = gnu11;
				GCC_DYNAMIC_NO_PIC = NO;
				GCC_NO_COMMON_BLOCKS = YES;
				GCC_OPTIMIZATION_LEVEL = 0;
				GCC_PREPROCESSOR_DEFINITIONS = (
					"DEBUG=1",
					"$(inherited)",
				);
				GCC_WARN_64_TO_32_BIT_CONVERSION = YES;
				GCC_WARN_ABOUT_RETURN_TYPE = YES_ERROR;
				GCC_WARN_UNDECLARED_SELECTOR = YES;
				GCC_WARN_UNINITIALIZED_AUTOS = YES_AGGRESSIVE;
				GCC_WARN_UNUSED_FUNCTION = YES;
				GCC_WARN_UNUSED_VARIABLE = YES;
				IPHONEOS_DEPLOYMENT_TARGET = 12.1;
				MTL_ENABLE_DEBUG_INFO = INCLUDE_SOURCE;
				MTL_FAST_MATH = YES;
				ONLY_ACTIVE_ARCH = YES;
				SDKROOT = iphoneos;
				SWIFT_ACTIVE_COMPILATION_CONDITIONS = DEBUG;
				SWIFT_OPTIMIZATION_LEVEL = "-Onone";
			};
			name = Debug;
		};
		BBED31C4220D1275004B917A /* Release */ = {
			isa = XCBuildConfiguration;
			buildSettings = {
				ALWAYS_SEARCH_USER_PATHS = NO;
				CLANG_ANALYZER_NONNULL = YES;
				CLANG_ANALYZER_NUMBER_OBJECT_CONVERSION = YES_AGGRESSIVE;
				CLANG_CXX_LANGUAGE_STANDARD = "gnu++14";
				CLANG_CXX_LIBRARY = "libc++";
				CLANG_ENABLE_MODULES = YES;
				CLANG_ENABLE_OBJC_ARC = YES;
				CLANG_ENABLE_OBJC_WEAK = YES;
				CLANG_WARN_BLOCK_CAPTURE_AUTORELEASING = YES;
				CLANG_WARN_BOOL_CONVERSION = YES;
				CLANG_WARN_COMMA = YES;
				CLANG_WARN_CONSTANT_CONVERSION = YES;
				CLANG_WARN_DEPRECATED_OBJC_IMPLEMENTATIONS = YES;
				CLANG_WARN_DIRECT_OBJC_ISA_USAGE = YES_ERROR;
				CLANG_WARN_DOCUMENTATION_COMMENTS = YES;
				CLANG_WARN_EMPTY_BODY = YES;
				CLANG_WARN_ENUM_CONVERSION = YES;
				CLANG_WARN_INFINITE_RECURSION = YES;
				CLANG_WARN_INT_CONVERSION = YES;
				CLANG_WARN_NON_LITERAL_NULL_CONVERSION = YES;
				CLANG_WARN_OBJC_IMPLICIT_RETAIN_SELF = YES;
				CLANG_WARN_OBJC_LITERAL_CONVERSION = YES;
				CLANG_WARN_OBJC_ROOT_CLASS = YES_ERROR;
				CLANG_WARN_RANGE_LOOP_ANALYSIS = YES;
				CLANG_WARN_STRICT_PROTOTYPES = YES;
				CLANG_WARN_SUSPICIOUS_MOVE = YES;
				CLANG_WARN_UNGUARDED_AVAILABILITY = YES_AGGRESSIVE;
				CLANG_WARN_UNREACHABLE_CODE = YES;
				CLANG_WARN__DUPLICATE_METHOD_MATCH = YES;
				CODE_SIGN_IDENTITY = "iPhone Developer";
				COPY_PHASE_STRIP = NO;
				DEBUG_INFORMATION_FORMAT = "dwarf-with-dsym";
				ENABLE_NS_ASSERTIONS = NO;
				ENABLE_STRICT_OBJC_MSGSEND = YES;
				GCC_C_LANGUAGE_STANDARD = gnu11;
				GCC_NO_COMMON_BLOCKS = YES;
				GCC_WARN_64_TO_32_BIT_CONVERSION = YES;
				GCC_WARN_ABOUT_RETURN_TYPE = YES_ERROR;
				GCC_WARN_UNDECLARED_SELECTOR = YES;
				GCC_WARN_UNINITIALIZED_AUTOS = YES_AGGRESSIVE;
				GCC_WARN_UNUSED_FUNCTION = YES;
				GCC_WARN_UNUSED_VARIABLE = YES;
				IPHONEOS_DEPLOYMENT_TARGET = 12.1;
				MTL_ENABLE_DEBUG_INFO = NO;
				MTL_FAST_MATH = YES;
				SDKROOT = iphoneos;
				SWIFT_COMPILATION_MODE = wholemodule;
				SWIFT_OPTIMIZATION_LEVEL = "-O";
				VALIDATE_PRODUCT = YES;
			};
			name = Release;
		};
		BBED31C6220D1275004B917A /* Debug */ = {
			isa = XCBuildConfiguration;
			buildSettings = {
				ASSETCATALOG_COMPILER_APPICON_NAME = AppIcon;
				CODE_SIGN_STYLE = Automatic;
				DEVELOPMENT_TEAM = 8M6N9923S8;
				INFOPLIST_FILE = 17_StoryBoard/Info.plist;
				LD_RUNPATH_SEARCH_PATHS = (
					"$(inherited)",
					"@executable_path/Frameworks",
				);
				PRODUCT_BUNDLE_IDENTIFIER = "proj.gunw.-7-StoryBoard";
				PRODUCT_NAME = "$(TARGET_NAME)";
				SWIFT_VERSION = 4.2;
				TARGETED_DEVICE_FAMILY = "1,2";
			};
			name = Debug;
		};
		BBED31C7220D1275004B917A /* Release */ = {
			isa = XCBuildConfiguration;
			buildSettings = {
				ASSETCATALOG_COMPILER_APPICON_NAME = AppIcon;
				CODE_SIGN_STYLE = Automatic;
				DEVELOPMENT_TEAM = 8M6N9923S8;
				INFOPLIST_FILE = 17_StoryBoard/Info.plist;
				LD_RUNPATH_SEARCH_PATHS = (
					"$(inherited)",
					"@executable_path/Frameworks",
				);
				PRODUCT_BUNDLE_IDENTIFIER = "proj.gunw.-7-StoryBoard";
				PRODUCT_NAME = "$(TARGET_NAME)";
				SWIFT_VERSION = 4.2;
				TARGETED_DEVICE_FAMILY = "1,2";
			};
			name = Release;
		};
/* End XCBuildConfiguration section */

/* Begin XCConfigurationList section */
		BBED31AE220D1272004B917A /* Build configuration list for PBXProject "17_StoryBoard" */ = {
			isa = XCConfigurationList;
			buildConfigurations = (
				BBED31C3220D1275004B917A /* Debug */,
				BBED31C4220D1275004B917A /* Release */,
			);
			defaultConfigurationIsVisible = 0;
			defaultConfigurationName = Release;
		};
		BBED31C5220D1275004B917A /* Build configuration list for PBXNativeTarget "17_StoryBoard" */ = {
			isa = XCConfigurationList;
			buildConfigurations = (
				BBED31C6220D1275004B917A /* Debug */,
				BBED31C7220D1275004B917A /* Release */,
			);
			defaultConfigurationIsVisible = 0;
			defaultConfigurationName = Release;
		};
/* End XCConfigurationList section */
	};
	rootObject = BBED31AB220D1272004B917A /* Project object */;
}
