// !$*UTF8*$!
{
	archiveVersion = 1;
	classes = {
	};
	objectVersion = 50;
	objects = {

/* Begin PBXBuildFile section */
		BBE02C8B2202A27F001AF323 /* AppDelegate.swift in Sources */ = {isa = PBXBuildFile; fileRef = BBE02C8A2202A27F001AF323 /* AppDelegate.swift */; };
		BBE02C8D2202A27F001AF323 /* ViewController.swift in Sources */ = {isa = PBXBuildFile; fileRef = BBE02C8C2202A27F001AF323 /* ViewController.swift */; };
		BBE02C902202A27F001AF323 /* Main.storyboard in Resources */ = {isa = PBXBuildFile; fileRef = BBE02C8E2202A27F001AF323 /* Main.storyboard */; };
		BBE02C922202A280001AF323 /* Assets.xcassets in Resources */ = {isa = PBXBuildFile; fileRef = BBE02C912202A280001AF323 /* Assets.xcassets */; };
		BBE02C952202A280001AF323 /* LaunchScreen.storyboard in Resources */ = {isa = PBXBuildFile; fileRef = BBE02C932202A280001AF323 /* LaunchScreen.storyboard */; };
/* End PBXBuildFile section */

/* Begin PBXFileReference section */
		BBE02C872202A27F001AF323 /* 12_StackView.app */ = {isa = PBXFileReference; explicitFileType = wrapper.application; includeInIndex = 0; path = 12_StackView.app; sourceTree = BUILT_PRODUCTS_DIR; };
		BBE02C8A2202A27F001AF323 /* AppDelegate.swift */ = {isa = PBXFileReference; lastKnownFileType = sourcecode.swift; path = AppDelegate.swift; sourceTree = "<group>"; };
		BBE02C8C2202A27F001AF323 /* ViewController.swift */ = {isa = PBXFileReference; lastKnownFileType = sourcecode.swift; path = ViewController.swift; sourceTree = "<group>"; };
		BBE02C8F2202A27F001AF323 /* Base */ = {isa = PBXFileReference; lastKnownFileType = file.storyboard; name = Base; path = Base.lproj/Main.storyboard; sourceTree = "<group>"; };
		BBE02C912202A280001AF323 /* Assets.xcassets */ = {isa = PBXFileReference; lastKnownFileType = folder.assetcatalog; path = Assets.xcassets; sourceTree = "<group>"; };
		BBE02C942202A280001AF323 /* Base */ = {isa = PBXFileReference; lastKnownFileType = file.storyboard; name = Base; path = Base.lproj/LaunchScreen.storyboard; sourceTree = "<group>"; };
		BBE02C962202A280001AF323 /* Info.plist */ = {isa = PBXFileReference; lastKnownFileType = text.plist.xml; path = Info.plist; sourceTree = "<group>"; };
/* End PBXFileReference section */

/* Begin PBXFrameworksBuildPhase section */
		BBE02C842202A27F001AF323 /* Frameworks */ = {
			isa = PBXFrameworksBuildPhase;
			buildActionMask = 2147483647;
			files = (
			);
			runOnlyForDeploymentPostprocessing = 0;
		};
/* End PBXFrameworksBuildPhase section */

/* Begin PBXGroup section */
		BBE02C7E2202A27F001AF323 = {
			isa = PBXGroup;
			children = (
				BBE02C892202A27F001AF323 /* 12_StackView */,
				BBE02C882202A27F001AF323 /* Products */,
			);
			sourceTree = "<group>";
		};
		BBE02C882202A27F001AF323 /* Products */ = {
			isa = PBXGroup;
			children = (
				BBE02C872202A27F001AF323 /* 12_StackView.app */,
			);
			name = Products;
			sourceTree = "<group>";
		};
		BBE02C892202A27F001AF323 /* 12_StackView */ = {
			isa = PBXGroup;
			children = (
				BBE02C8A2202A27F001AF323 /* AppDelegate.swift */,
				BBE02C8C2202A27F001AF323 /* ViewController.swift */,
				BBE02C8E2202A27F001AF323 /* Main.storyboard */,
				BBE02C912202A280001AF323 /* Assets.xcassets */,
				BBE02C932202A280001AF323 /* LaunchScreen.storyboard */,
				BBE02C962202A280001AF323 /* Info.plist */,
			);
			path = 12_StackView;
			sourceTree = "<group>";
		};
/* End PBXGroup section */

/* Begin PBXNativeTarget section */
		BBE02C862202A27F001AF323 /* 12_StackView */ = {
			isa = PBXNativeTarget;
			buildConfigurationList = BBE02C992202A280001AF323 /* Build configuration list for PBXNativeTarget "12_StackView" */;
			buildPhases = (
				BBE02C832202A27F001AF323 /* Sources */,
				BBE02C842202A27F001AF323 /* Frameworks */,
				BBE02C852202A27F001AF323 /* Resources */,
			);
			buildRules = (
			);
			dependencies = (
			);
			name = 12_StackView;
			productName = 12_StackView;
			productReference = BBE02C872202A27F001AF323 /* 12_StackView.app */;
			productType = "com.apple.product-type.application";
		};
/* End PBXNativeTarget section */

/* Begin PBXProject section */
		BBE02C7F2202A27F001AF323 /* Project object */ = {
			isa = PBXProject;
			attributes = {
				LastSwiftUpdateCheck = 1010;
				LastUpgradeCheck = 1010;
				ORGANIZATIONNAME = gunw;
				TargetAttributes = {
					BBE02C862202A27F001AF323 = {
						CreatedOnToolsVersion = 10.1;
					};
				};
			};
			buildConfigurationList = BBE02C822202A27F001AF323 /* Build configuration list for PBXProject "12_StackView" */;
			compatibilityVersion = "Xcode 9.3";
			developmentRegion = en;
			hasScannedForEncodings = 0;
			knownRegions = (
				en,
				Base,
			);
			mainGroup = BBE02C7E2202A27F001AF323;
			productRefGroup = BBE02C882202A27F001AF323 /* Products */;
			projectDirPath = "";
			projectRoot = "";
			targets = (
				BBE02C862202A27F001AF323 /* 12_StackView */,
			);
		};
/* End PBXProject section */

/* Begin PBXResourcesBuildPhase section */
		BBE02C852202A27F001AF323 /* Resources */ = {
			isa = PBXResourcesBuildPhase;
			buildActionMask = 2147483647;
			files = (
				BBE02C952202A280001AF323 /* LaunchScreen.storyboard in Resources */,
				BBE02C922202A280001AF323 /* Assets.xcassets in Resources */,
				BBE02C902202A27F001AF323 /* Main.storyboard in Resources */,
			);
			runOnlyForDeploymentPostprocessing = 0;
		};
/* End PBXResourcesBuildPhase section */

/* Begin PBXSourcesBuildPhase section */
		BBE02C832202A27F001AF323 /* Sources */ = {
			isa = PBXSourcesBuildPhase;
			buildActionMask = 2147483647;
			files = (
				BBE02C8D2202A27F001AF323 /* ViewController.swift in Sources */,
				BBE02C8B2202A27F001AF323 /* AppDelegate.swift in Sources */,
			);
			runOnlyForDeploymentPostprocessing = 0;
		};
/* End PBXSourcesBuildPhase section */

/* Begin PBXVariantGroup section */
		BBE02C8E2202A27F001AF323 /* Main.storyboard */ = {
			isa = PBXVariantGroup;
			children = (
				BBE02C8F2202A27F001AF323 /* Base */,
			);
			name = Main.storyboard;
			sourceTree = "<group>";
		};
		BBE02C932202A280001AF323 /* LaunchScreen.storyboard */ = {
			isa = PBXVariantGroup;
			children = (
				BBE02C942202A280001AF323 /* Base */,
			);
			name = LaunchScreen.storyboard;
			sourceTree = "<group>";
		};
/* End PBXVariantGroup section */

/* Begin XCBuildConfiguration section */
		BBE02C972202A280001AF323 /* Debug */ = {
			isa = XCBuildConfiguration;
			buildSettings = {
				ALWAYS_SEARCH_USER_PATHS = NO;
				CLANG_ANALYZER_NONNULL = YES;
				CLANG_ANALYZER_NUMBER_OBJECT_CONVERSION = YES_AGGRESSIVE;
				CLANG_CXX_LANGUAGE_STANDARD = "gnu++14";
				CLANG_CXX_LIBRARY = "libc++";
				CLANG_ENABLE_MODULES = YES;
				CLANG_ENABLE_OBJC_ARC = YES;
				CLANG_ENABLE_OBJC_WEAK = YES;
				CLANG_WARN_BLOCK_CAPTURE_AUTORELEASING = YES;
				CLANG_WARN_BOOL_CONVERSION = YES;
				CLANG_WARN_COMMA = YES;
				CLANG_WARN_CONSTANT_CONVERSION = YES;
				CLANG_WARN_DEPRECATED_OBJC_IMPLEMENTATIONS = YES;
				CLANG_WARN_DIRECT_OBJC_ISA_USAGE = YES_ERROR;
				CLANG_WARN_DOCUMENTATION_COMMENTS = YES;
				CLANG_WARN_EMPTY_BODY = YES;
				CLANG_WARN_ENUM_CONVERSION = YES;
				CLANG_WARN_INFINITE_RECURSION = YES;
				CLANG_WARN_INT_CONVERSION = YES;
				CLANG_WARN_NON_LITERAL_NULL_CONVERSION = YES;
				CLANG_WARN_OBJC_IMPLICIT_RETAIN_SELF = YES;
				CLANG_WARN_OBJC_LITERAL_CONVERSION = YES;
				CLANG_WARN_OBJC_ROOT_CLASS = YES_ERROR;
				CLANG_WARN_RANGE_LOOP_ANALYSIS = YES;
				CLANG_WARN_STRICT_PROTOTYPES = YES;
				CLANG_WARN_SUSPICIOUS_MOVE = YES;
				CLANG_WARN_UNGUARDED_AVAILABILITY = YES_AGGRESSIVE;
				CLANG_WARN_UNREACHABLE_CODE = YES;
				CLANG_WARN__DUPLICATE_METHOD_MATCH = YES;
				CODE_SIGN_IDENTITY = "iPhone Developer";
				COPY_PHASE_STRIP = NO;
				DEBUG_INFORMATION_FORMAT = dwarf;
				ENABLE_STRICT_OBJC_MSGSEND = YES;
				ENABLE_TESTABILITY = YES;
				GCC_C_LANGUAGE_STANDARD = gnu11;
				GCC_DYNAMIC_NO_PIC = NO;
				GCC_NO_COMMON_BLOCKS = YES;
				GCC_OPTIMIZATION_LEVEL = 0;
				GCC_PREPROCESSOR_DEFINITIONS = (
					"DEBUG=1",
					"$(inherited)",
				);
				GCC_WARN_64_TO_32_BIT_CONVERSION = YES;
				GCC_WARN_ABOUT_RETURN_TYPE = YES_ERROR;
				GCC_WARN_UNDECLARED_SELECTOR = YES;
				GCC_WARN_UNINITIALIZED_AUTOS = YES_AGGRESSIVE;
				GCC_WARN_UNUSED_FUNCTION = YES;
				GCC_WARN_UNUSED_VARIABLE = YES;
				IPHONEOS_DEPLOYMENT_TARGET = 12.1;
				MTL_ENABLE_DEBUG_INFO = INCLUDE_SOURCE;
				MTL_FAST_MATH = YES;
				ONLY_ACTIVE_ARCH = YES;
				SDKROOT = iphoneos;
				SWIFT_ACTIVE_COMPILATION_CONDITIONS = DEBUG;
				SWIFT_OPTIMIZATION_LEVEL = "-Onone";
			};
			name = Debug;
		};
		BBE02C982202A280001AF323 /* Release */ = {
			isa = XCBuildConfiguration;
			buildSettings = {
				ALWAYS_SEARCH_USER_PATHS = NO;
				CLANG_ANALYZER_NONNULL = YES;
				CLANG_ANALYZER_NUMBER_OBJECT_CONVERSION = YES_AGGRESSIVE;
				CLANG_CXX_LANGUAGE_STANDARD = "gnu++14";
				CLANG_CXX_LIBRARY = "libc++";
				CLANG_ENABLE_MODULES = YES;
				CLANG_ENABLE_OBJC_ARC = YES;
				CLANG_ENABLE_OBJC_WEAK = YES;
				CLANG_WARN_BLOCK_CAPTURE_AUTORELEASING = YES;
				CLANG_WARN_BOOL_CONVERSION = YES;
				CLANG_WARN_COMMA = YES;
				CLANG_WARN_CONSTANT_CONVERSION = YES;
				CLANG_WARN_DEPRECATED_OBJC_IMPLEMENTATIONS = YES;
				CLANG_WARN_DIRECT_OBJC_ISA_USAGE = YES_ERROR;
				CLANG_WARN_DOCUMENTATION_COMMENTS = YES;
				CLANG_WARN_EMPTY_BODY = YES;
				CLANG_WARN_ENUM_CONVERSION = YES;
				CLANG_WARN_INFINITE_RECURSION = YES;
				CLANG_WARN_INT_CONVERSION = YES;
				CLANG_WARN_NON_LITERAL_NULL_CONVERSION = YES;
				CLANG_WARN_OBJC_IMPLICIT_RETAIN_SELF = YES;
				CLANG_WARN_OBJC_LITERAL_CONVERSION = YES;
				CLANG_WARN_OBJC_ROOT_CLASS = YES_ERROR;
				CLANG_WARN_RANGE_LOOP_ANALYSIS = YES;
				CLANG_WARN_STRICT_PROTOTYPES = YES;
				CLANG_WARN_SUSPICIOUS_MOVE = YES;
				CLANG_WARN_UNGUARDED_AVAILABILITY = YES_AGGRESSIVE;
				CLANG_WARN_UNREACHABLE_CODE = YES;
				CLANG_WARN__DUPLICATE_METHOD_MATCH = YES;
				CODE_SIGN_IDENTITY = "iPhone Developer";
				COPY_PHASE_STRIP = NO;
				DEBUG_INFORMATION_FORMAT = "dwarf-with-dsym";
				ENABLE_NS_ASSERTIONS = NO;
				ENABLE_STRICT_OBJC_MSGSEND = YES;
				GCC_C_LANGUAGE_STANDARD = gnu11;
				GCC_NO_COMMON_BLOCKS = YES;
				GCC_WARN_64_TO_32_BIT_CONVERSION = YES;
				GCC_WARN_ABOUT_RETURN_TYPE = YES_ERROR;
				GCC_WARN_UNDECLARED_SELECTOR = YES;
				GCC_WARN_UNINITIALIZED_AUTOS = YES_AGGRESSIVE;
				GCC_WARN_UNUSED_FUNCTION = YES;
				GCC_WARN_UNUSED_VARIABLE = YES;
				IPHONEOS_DEPLOYMENT_TARGET = 12.1;
				MTL_ENABLE_DEBUG_INFO = NO;
				MTL_FAST_MATH = YES;
				SDKROOT = iphoneos;
				SWIFT_COMPILATION_MODE = wholemodule;
				SWIFT_OPTIMIZATION_LEVEL = "-O";
				VALIDATE_PRODUCT = YES;
			};
			name = Release;
		};
		BBE02C9A2202A280001AF323 /* Debug */ = {
			isa = XCBuildConfiguration;
			buildSettings = {
				ASSETCATALOG_COMPILER_APPICON_NAME = AppIcon;
				CODE_SIGN_STYLE = Automatic;
				DEVELOPMENT_TEAM = 8M6N9923S8;
				INFOPLIST_FILE = 12_StackView/Info.plist;
				LD_RUNPATH_SEARCH_PATHS = (
					"$(inherited)",
					"@executable_path/Frameworks",
				);
				PRODUCT_BUNDLE_IDENTIFIER = "proj.gunw.-2-StackView";
				PRODUCT_NAME = "$(TARGET_NAME)";
				SWIFT_VERSION = 4.2;
				TARGETED_DEVICE_FAMILY = "1,2";
			};
			name = Debug;
		};
		BBE02C9B2202A280001AF323 /* Release */ = {
			isa = XCBuildConfiguration;
			buildSettings = {
				ASSETCATALOG_COMPILER_APPICON_NAME = AppIcon;
				CODE_SIGN_STYLE = Automatic;
				DEVELOPMENT_TEAM = 8M6N9923S8;
				INFOPLIST_FILE = 12_StackView/Info.plist;
				LD_RUNPATH_SEARCH_PATHS = (
					"$(inherited)",
					"@executable_path/Frameworks",
				);
				PRODUCT_BUNDLE_IDENTIFIER = "proj.gunw.-2-StackView";
				PRODUCT_NAME = "$(TARGET_NAME)";
				SWIFT_VERSION = 4.2;
				TARGETED_DEVICE_FAMILY = "1,2";
			};
			name = Release;
		};
/* End XCBuildConfiguration section */

/* Begin XCConfigurationList section */
		BBE02C822202A27F001AF323 /* Build configuration list for PBXProject "12_StackView" */ = {
			isa = XCConfigurationList;
			buildConfigurations = (
				BBE02C972202A280001AF323 /* Debug */,
				BBE02C982202A280001AF323 /* Release */,
			);
			defaultConfigurationIsVisible = 0;
			defaultConfigurationName = Release;
		};
		BBE02C992202A280001AF323 /* Build configuration list for PBXNativeTarget "12_StackView" */ = {
			isa = XCConfigurationList;
			buildConfigurations = (
				BBE02C9A2202A280001AF323 /* Debug */,
				BBE02C9B2202A280001AF323 /* Release */,
			);
			defaultConfigurationIsVisible = 0;
			defaultConfigurationName = Release;
		};
/* End XCConfigurationList section */
	};
	rootObject = BBE02C7F2202A27F001AF323 /* Project object */;
}
